
Microsoft Visual Studio Solution File, Format Version 12.00
# Visual Studio Version 16
VisualStudioVersion = 16.0.30204.135
MinimumVisualStudioVersion = 10.0.40219.1
Project("{9A19103F-16F7-4668-BE54-9A1E7A4F7556}") = "Deeplink.Api", "Deeplink.Api\Deeplink.Api.csproj", "{BFCE874B-56C6-4BA8-9A81-BC5882C70A3C}"
EndProject
Project("{9A19103F-16F7-4668-BE54-9A1E7A4F7556}") = "Deeplink.Core", "Deeplink.Core\Deeplink.Core.csproj", "{B3EE67B0-4CC5-4DD1-99F9-4ED1A3951B8A}"
EndProject
Project("{FAE04EC0-301F-11D3-BF4B-00C04F79EFBC}") = "Deeplink.Test", "Deeplink.Test\Deeplink.Test.csproj", "{9423AD72-AD92-43A8-8A18-4B7E22943ED7}"
EndProject
Global
	GlobalSection(SolutionConfigurationPlatforms) = preSolution
		Debug|Any CPU = Debug|Any CPU
		Release|Any CPU = Release|Any CPU
	EndGlobalSection
	GlobalSection(ProjectConfigurationPlatforms) = postSolution
		{BFCE874B-56C6-4BA8-9A81-BC5882C70A3C}.Debug|Any CPU.ActiveCfg = Debug|Any CPU
		{BFCE874B-56C6-4BA8-9A81-BC5882C70A3C}.Debug|Any CPU.Build.0 = Debug|Any CPU
		{BFCE874B-56C6-4BA8-9A81-BC5882C70A3C}.Release|Any CPU.ActiveCfg = Release|Any CPU
		{BFCE874B-56C6-4BA8-9A81-BC5882C70A3C}.Release|Any CPU.Build.0 = Release|Any CPU
		{B3EE67B0-4CC5-4DD1-99F9-4ED1A3951B8A}.Debug|Any CPU.ActiveCfg = Debug|Any CPU
		{B3EE67B0-4CC5-4DD1-99F9-4ED1A3951B8A}.Debug|Any CPU.Build.0 = Debug|Any CPU
		{B3EE67B0-4CC5-4DD1-99F9-4ED1A3951B8A}.Release|Any CPU.ActiveCfg = Release|Any CPU
		{B3EE67B0-4CC5-4DD1-99F9-4ED1A3951B8A}.Release|Any CPU.Build.0 = Release|Any CPU
		{9423AD72-AD92-43A8-8A18-4B7E22943ED7}.Debug|Any CPU.ActiveCfg = Debug|Any CPU
		{9423AD72-AD92-43A8-8A18-4B7E22943ED7}.Debug|Any CPU.Build.0 = Debug|Any CPU
		{9423AD72-AD92-43A8-8A18-4B7E22943ED7}.Release|Any CPU.ActiveCfg = Release|Any CPU
		{9423AD72-AD92-43A8-8A18-4B7E22943ED7}.Release|Any CPU.Build.0 = Release|Any CPU
	EndGlobalSection
	GlobalSection(SolutionProperties) = preSolution
		HideSolutionNode = FALSE
	EndGlobalSection
	GlobalSection(ExtensibilityGlobals) = postSolution
		SolutionGuid = {381E2324-81CF-472D-8475-4CAF0EEE36F9}
	EndGlobalSection
EndGlobal
